PODS:
  - Flutter (1.0.0)
  - FXBlurView (1.6.4)
  - JRSwizzle (1.0)
  - mercado_pago_integration (0.0.1):
    - Flutter
    - MercadoPagoSDK (~> 4.32.4)
  - MercadoPagoSDK (4.32.4):
    - MercadoPagoSDK/Default (= 4.32.4)
    - MLBusinessComponents (~> 1.0)
    - MLCardForm (~> 0.1)
  - MercadoPagoSDK/Default (4.32.4):
    - MLBusinessComponents (~> 1.0)
    - MLCardDrawer (~> 1.0)
    - MLCardForm (~> 0.1)
    - MLUI (~> 5.0)
  - MLBusinessComponents (1.17.0):
    - MLBusinessComponents/Default (= 1.17.0)
    - MLUI (~> 5.0)
  - MLBusinessComponents/Default (1.17.0):
    - MLUI (~> 5.0)
  - MLCardDrawer (1.4.9):
    - MLCardDrawer/Default (= 1.4.9)
  - MLCardDrawer/Default (1.4.9)
  - MLCardForm (0.8.8):
    - MLCardDrawer (~> 1.0)
    - MLCardForm/Default (= 0.8.8)
    - MLUI (~> 5.0)
  - MLCardForm/Default (0.8.8):
    - MLCardDrawer (~> 1.0)
    - MLUI (~> 5.0)
  - MLUI (5.23.0):
    - MLUI/ActionButton (= 5.23.0)
    - MLUI/Core (= 5.23.0)
    - MLUI/Helpers (= 5.23.0)
    - MLUI/MLButton (= 5.23.0)
    - MLUI/MLCheckBox (= 5.23.0)
    - MLUI/MLColorPalette (= 5.23.0)
    - MLUI/MLContextualMenu (= 5.23.0)
    - MLUI/MLFonts (= 5.23.0)
    - MLUI/MLFullscreenModal (= 5.23.0)
    - MLUI/MLGenericErrorView (= 5.23.0)
    - MLUI/MLHeader (= 5.23.0)
    - MLUI/MLHtml (= 5.23.0)
    - MLUI/MLModal (= 5.23.0)
    - MLUI/MLRadioButton (= 5.23.0)
    - MLUI/MLSnackBar (= 5.23.0)
    - MLUI/MLSpacing (= 5.23.0)
    - MLUI/MLSpinner (= 5.23.0)
    - MLUI/MLSwitch (= 5.23.0)
    - MLUI/MLTextView (= 5.23.0)
    - MLUI/MLTitledMultiLineTextField (= 5.23.0)
    - MLUI/MLTitledSingleLineTextField (= 5.23.0)
    - MLUI/PriceView (= 5.23.0)
    - MLUI/SnackBarView (= 5.23.0)
    - MLUI/StyleSheet (= 5.23.0)
  - MLUI/ActionButton (5.23.0):
    - MLUI/Core
  - MLUI/Core (5.23.0):
    - MLUI/MLFonts
  - MLUI/Helpers (5.23.0)
  - MLUI/MLButton (5.23.0):
    - MLUI/Core
    - MLUI/MLColorPalette
    - MLUI/MLFonts
    - MLUI/MLSpinner
    - MLUI/StyleSheet
  - MLUI/MLCheckBox (5.23.0):
    - MLUI/MLColorPalette
    - MLUI/StyleSheet
  - MLUI/MLColorPalette (5.23.0)
  - MLUI/MLContextualMenu (5.23.0):
    - MLUI/MLColorPalette
    - MLUI/MLFonts
  - MLUI/MLFonts (5.23.0):
    - JRSwizzle (= 1.0)
    - MLUI/Helpers
    - MLUI/StyleSheet
  - MLUI/MLFullscreenModal (5.23.0):
    - FXBlurView (~> 1.6)
    - MLUI/Core
    - MLUI/MLButton
    - MLUI/MLColorPalette
    - MLUI/MLFonts
    - MLUI/MLHeader
    - MLUI/StyleSheet
  - MLUI/MLGenericErrorView (5.23.0):
    - MLUI/MLButton
    - MLUI/MLColorPalette
    - MLUI/MLSpacing
  - MLUI/MLHeader (5.23.0):
    - MLUI/MLColorPalette
    - MLUI/StyleSheet
  - MLUI/MLHtml (5.23.0):
    - MLUI/MLFonts
  - MLUI/MLModal (5.23.0):
    - FXBlurView (~> 1.6)
    - MLUI/Core
    - MLUI/MLButton
    - MLUI/MLColorPalette
    - MLUI/MLFonts
    - MLUI/StyleSheet
  - MLUI/MLRadioButton (5.23.0):
    - MLUI/StyleSheet
  - MLUI/MLSnackBar (5.23.0):
    - MLUI/Helpers
    - MLUI/MLButton
    - MLUI/MLColorPalette
    - MLUI/MLFonts
  - MLUI/MLSpacing (5.23.0):
    - JRSwizzle (= 1.0)
    - MLUI/MLFonts
  - MLUI/MLSpinner (5.23.0):
    - MLUI/MLColorPalette
    - MLUI/MLFonts
    - MLUI/StyleSheet
  - MLUI/MLSwitch (5.23.0):
    - MLUI/Helpers
    - MLUI/MLColorPalette
  - MLUI/MLTextView (5.23.0):
    - MLUI/MLColorPalette
    - MLUI/MLFonts
  - MLUI/MLTitledMultiLineTextField (5.23.0):
    - MLUI/MLColorPalette
    - MLUI/MLFonts
    - MLUI/MLTitledSingleLineTextField
    - MLUI/StyleSheet
  - MLUI/MLTitledSingleLineTextField (5.23.0):
    - MLUI/MLColorPalette
    - MLUI/MLFonts
    - MLUI/StyleSheet
  - MLUI/PriceView (5.23.0):
    - MLUI/Core
    - MLUI/MLFonts
  - MLUI/SnackBarView (5.23.0):
    - MLUI/Helpers
    - MLUI/MLFonts
  - MLUI/StyleSheet (5.23.0)

DEPENDENCIES:
  - Flutter (from `Flutter`)
  - mercado_pago_integration (from `.symlinks/plugins/mercado_pago_integration/ios`)

SPEC REPOS:
  trunk:
    - FXBlurView
    - JRSwizzle
    - MercadoPagoSDK
    - MLBusinessComponents
    - MLCardDrawer
    - MLCardForm
    - MLUI

EXTERNAL SOURCES:
  Flutter:
    :path: Flutter
  mercado_pago_integration:
    :path: ".symlinks/plugins/mercado_pago_integration/ios"

SPEC CHECKSUMS:
  Flutter: 0e3d915762c693b495b44d77113d4970485de6ec
  FXBlurView: db786c2561cb49a09ae98407f52460096ab8a44f
  JRSwizzle: dd5ead5d913a0f29e7f558200165849f006bb1e3
  mercado_pago_integration: 197f3f59c540749fdc6a53c4342da16d73cc61e0
  MercadoPagoSDK: 634fc8a9fe7f99f4d73506659c68cdbb885407fc
  MLBusinessComponents: 2763f3c7437f6a98458c5c9556ca6db08df69854
  MLCardDrawer: 2a432630e9cecaac357f8cb6c181bb0510b90124
  MLCardForm: fa6b62ede5596e04278b652d1461326c54f30d31
  MLUI: 54a7a2abe9b911990133b51bbdcfd16bc3792feb

PODFILE CHECKSUM: a9cb544ab159fc6aded10bdc6334d839317d69f9

COCOAPODS: 1.9.3
